
Microsoft Visual Studio Solution File, Format Version 12.00
# Visual Studio Version 17
VisualStudioVersion = 17.14.36511.14 d17.14
MinimumVisualStudioVersion = 10.0.40219.1
Project("{FAE04EC0-301F-11D3-BF4B-00C04F79EFBC}") = "CarRentalsSystem", "CarRentalsSystem\CarRentalsSystem.csproj", "{326B78FF-7907-4798-B54E-36464E196991}"
EndProject
Global
	GlobalSection(SolutionConfigurationPlatforms) = preSolution
		Debug|Any CPU = Debug|Any CPU
		Release|Any CPU = Release|Any CPU
	EndGlobalSection
	GlobalSection(ProjectConfigurationPlatforms) = postSolution
		{326B78FF-7907-4798-B54E-36464E196991}.Debug|Any CPU.ActiveCfg = Debug|Any CPU
		{326B78FF-7907-4798-B54E-36464E196991}.Debug|Any CPU.Build.0 = Debug|Any CPU
		{326B78FF-7907-4798-B54E-36464E196991}.Release|Any CPU.ActiveCfg = Release|Any CPU
		{326B78FF-7907-4798-B54E-36464E196991}.Release|Any CPU.Build.0 = Release|Any CPU
	EndGlobalSection
	GlobalSection(SolutionProperties) = preSolution
		HideSolutionNode = FALSE
	EndGlobalSection
	GlobalSection(ExtensibilityGlobals) = postSolution
		SolutionGuid = {892E4096-74DE-4A80-BDBD-8124E57A3F09}
	EndGlobalSection
EndGlobal
